
Microsoft Visual Studio Solution File, Format Version 9.00
# Visual Studio 2005
Project("{2150E333-8FDC-42A3-9474-1A3956D46DE8}") = "unit-tests", "unit-tests", "{30910214-D56A-4506-8889-F96DBE582525}"
EndProject
Project("{8BC9CEB8-8B4A-11D0-8D11-00A0C91BC942}") = "ut_basictest", "unittests\ut_basictest\ut_basictest.vcproj", "{C75FBA6D-D222-4636-ADA2-81375DE6BACC}"
	ProjectSection(ProjectDependencies) = postProject
		{1EB08BC4-5446-44B2-9739-ADA9E59770DE} = {1EB08BC4-5446-44B2-9739-ADA9E59770DE}
	EndProjectSection
EndProject
Project("{8BC9CEB8-8B4A-11D0-8D11-00A0C91BC942}") = "ut_binarytest", "unittests\ut_binarytest\ut_binarytest.vcproj", "{C96797C8-FA10-40A0-BD1A-68DFDD34D2AC}"
	ProjectSection(ProjectDependencies) = postProject
		{1EB08BC4-5446-44B2-9739-ADA9E59770DE} = {1EB08BC4-5446-44B2-9739-ADA9E59770DE}
	EndProjectSection
EndProject
Project("{8BC9CEB8-8B4A-11D0-8D11-00A0C91BC942}") = "ut_colldeftest", "unittests\ut_colldeftest\ut_colldeftest.vcproj", "{36CAA969-DC19-4091-B32D-5ABB18904268}"
	ProjectSection(ProjectDependencies) = postProject
		{1EB08BC4-5446-44B2-9739-ADA9E59770DE} = {1EB08BC4-5446-44B2-9739-ADA9E59770DE}
	EndProjectSection
EndProject
Project("{8BC9CEB8-8B4A-11D0-8D11-00A0C91BC942}") = "ut_dictchangetest", "unittests\ut_dictchangetest\ut_dictchangetest.vcproj", "{5BD85BDF-EA97-46D7-94C8-503999DF45C0}"
	ProjectSection(ProjectDependencies) = postProject
		{1EB08BC4-5446-44B2-9739-ADA9E59770DE} = {1EB08BC4-5446-44B2-9739-ADA9E59770DE}
	EndProjectSection
EndProject
Project("{8BC9CEB8-8B4A-11D0-8D11-00A0C91BC942}") = "ut_dictdeftest", "unittests\ut_dictdeftest\ut_dictdeftest.vcproj", "{1C5F4DFA-8E94-4020-BE3F-714563C2D6AE}"
	ProjectSection(ProjectDependencies) = postProject
		{1EB08BC4-5446-44B2-9739-ADA9E59770DE} = {1EB08BC4-5446-44B2-9739-ADA9E59770DE}
	EndProjectSection
EndProject
Project("{8BC9CEB8-8B4A-11D0-8D11-00A0C91BC942}") = "ut_dirtyexittest", "unittests\ut_dirtyexittest\ut_dirtyexittest.vcproj", "{98581B5F-0260-46EB-AF0D-AB3ACA6E6D63}"
	ProjectSection(ProjectDependencies) = postProject
		{1EB08BC4-5446-44B2-9739-ADA9E59770DE} = {1EB08BC4-5446-44B2-9739-ADA9E59770DE}
	EndProjectSection
EndProject
Project("{8BC9CEB8-8B4A-11D0-8D11-00A0C91BC942}") = "ut_dirtyexittest2", "unittests\ut_dirtyexittest2\ut_dirtyexittest2.vcproj", "{F1523344-8D1A-4FFB-A158-09EA0BEA45A2}"
	ProjectSection(ProjectDependencies) = postProject
		{1EB08BC4-5446-44B2-9739-ADA9E59770DE} = {1EB08BC4-5446-44B2-9739-ADA9E59770DE}
	EndProjectSection
EndProject
Project("{8BC9CEB8-8B4A-11D0-8D11-00A0C91BC942}") = "ut_domnodetest", "unittests\ut_domnodetest\ut_domnodetest.vcproj", "{178FBCCE-8EFD-4EC9-8FAB-825636B9C7A5}"
	ProjectSection(ProjectDependencies) = postProject
		{1EB08BC4-5446-44B2-9739-ADA9E59770DE} = {1EB08BC4-5446-44B2-9739-ADA9E59770DE}
	EndProjectSection
EndProject
Project("{8BC9CEB8-8B4A-11D0-8D11-00A0C91BC942}") = "ut_enctest", "unittests\ut_enctest\ut_enctest.vcproj", "{20CCCBF0-6692-4FD9-BEAC-752362F21305}"
	ProjectSection(ProjectDependencies) = postProject
		{1EB08BC4-5446-44B2-9739-ADA9E59770DE} = {1EB08BC4-5446-44B2-9739-ADA9E59770DE}
	EndProjectSection
EndProject
Project("{8BC9CEB8-8B4A-11D0-8D11-00A0C91BC942}") = "ut_importtest", "unittests\ut_importtest\ut_importtest.vcproj", "{A1C153E7-6578-4CE4-8CE4-022A38B15F44}"
	ProjectSection(ProjectDependencies) = postProject
		{1EB08BC4-5446-44B2-9739-ADA9E59770DE} = {1EB08BC4-5446-44B2-9739-ADA9E59770DE}
	EndProjectSection
EndProject
Project("{8BC9CEB8-8B4A-11D0-8D11-00A0C91BC942}") = "ut_indexdeftest", "unittests\ut_indexdeftest\ut_indexdeftest.vcproj", "{31E01821-8113-4E0E-A924-DF94386B333F}"
	ProjectSection(ProjectDependencies) = postProject
		{1EB08BC4-5446-44B2-9739-ADA9E59770DE} = {1EB08BC4-5446-44B2-9739-ADA9E59770DE}
	EndProjectSection
EndProject
Project("{8BC9CEB8-8B4A-11D0-8D11-00A0C91BC942}") = "ut_indextest", "unittests\ut_indextest\ut_indextest.vcproj", "{125B9F4E-46E1-41C0-903F-FC827217DDE8}"
	ProjectSection(ProjectDependencies) = postProject
		{1EB08BC4-5446-44B2-9739-ADA9E59770DE} = {1EB08BC4-5446-44B2-9739-ADA9E59770DE}
	EndProjectSection
EndProject
Project("{8BC9CEB8-8B4A-11D0-8D11-00A0C91BC942}") = "ut_indextest2", "unittests\ut_indextest2\ut_indextest2.vcproj", "{FB49EECC-B8BF-4BA1-84B6-BF159DB9936A}"
	ProjectSection(ProjectDependencies) = postProject
		{1EB08BC4-5446-44B2-9739-ADA9E59770DE} = {1EB08BC4-5446-44B2-9739-ADA9E59770DE}
	EndProjectSection
EndProject
Project("{8BC9CEB8-8B4A-11D0-8D11-00A0C91BC942}") = "ut_indextest3", "unittests\ut_indextest3\ut_indextest3.vcproj", "{E17F9130-8DC0-45FA-96F0-B449A2502172}"
	ProjectSection(ProjectDependencies) = postProject
		{1EB08BC4-5446-44B2-9739-ADA9E59770DE} = {1EB08BC4-5446-44B2-9739-ADA9E59770DE}
	EndProjectSection
EndProject
Project("{8BC9CEB8-8B4A-11D0-8D11-00A0C91BC942}") = "ut_metaphonetest", "unittests\ut_metaphonetest\ut_metaphonetest.vcproj", "{5A46C250-7FAB-4286-9C3E-F160EDD12FE0}"
	ProjectSection(ProjectDependencies) = postProject
		{1EB08BC4-5446-44B2-9739-ADA9E59770DE} = {1EB08BC4-5446-44B2-9739-ADA9E59770DE}
	EndProjectSection
EndProject
Project("{8BC9CEB8-8B4A-11D0-8D11-00A0C91BC942}") = "ut_namespacetest", "unittests\ut_namespacetest\ut_namespacetest.vcproj", "{42C7F8FC-C759-4C42-92A4-4EEB3A8ADCB4}"
	ProjectSection(ProjectDependencies) = postProject
		{1EB08BC4-5446-44B2-9739-ADA9E59770DE} = {1EB08BC4-5446-44B2-9739-ADA9E59770DE}
	EndProjectSection
EndProject
Project("{8BC9CEB8-8B4A-11D0-8D11-00A0C91BC942}") = "ut_regressiontest", "unittests\ut_regressiontest\ut_regressiontest.vcproj", "{94F1A016-C863-4528-8849-E7B7232C4903}"
	ProjectSection(ProjectDependencies) = postProject
		{1EB08BC4-5446-44B2-9739-ADA9E59770DE} = {1EB08BC4-5446-44B2-9739-ADA9E59770DE}
	EndProjectSection
EndProject
Project("{8BC9CEB8-8B4A-11D0-8D11-00A0C91BC942}") = "ut_rfltest", "unittests\ut_rfltest\ut_rfltest.vcproj", "{8F376CB9-DAD7-44AB-AE76-D38DD0A7F901}"
	ProjectSection(ProjectDependencies) = postProject
		{1EB08BC4-5446-44B2-9739-ADA9E59770DE} = {1EB08BC4-5446-44B2-9739-ADA9E59770DE}
	EndProjectSection
EndProject
Project("{8BC9CEB8-8B4A-11D0-8D11-00A0C91BC942}") = "ut_sortkeytest", "unittests\ut_sortkeytest\ut_sortkeytest.vcproj", "{4B85B201-11A8-4D24-8DF5-8DD3843F08AA}"
	ProjectSection(ProjectDependencies) = postProject
		{1EB08BC4-5446-44B2-9739-ADA9E59770DE} = {1EB08BC4-5446-44B2-9739-ADA9E59770DE}
	EndProjectSection
EndProject
Project("{8BC9CEB8-8B4A-11D0-8D11-00A0C91BC942}") = "ut_sortkeytest2", "unittests\ut_sortkeytest2\ut_sortkeytest2.vcproj", "{3A356940-4028-465E-8B85-F4BFE92B6EAD}"
	ProjectSection(ProjectDependencies) = postProject
		{1EB08BC4-5446-44B2-9739-ADA9E59770DE} = {1EB08BC4-5446-44B2-9739-ADA9E59770DE}
	EndProjectSection
EndProject
Project("{8BC9CEB8-8B4A-11D0-8D11-00A0C91BC942}") = "ut_xpathtest", "unittests\ut_xpathtest\ut_xpathtest.vcproj", "{32B5E15D-278D-4AA5-B38E-7B27232ADA9A}"
	ProjectSection(ProjectDependencies) = postProject
		{1EB08BC4-5446-44B2-9739-ADA9E59770DE} = {1EB08BC4-5446-44B2-9739-ADA9E59770DE}
	EndProjectSection
EndProject
Project("{8BC9CEB8-8B4A-11D0-8D11-00A0C91BC942}") = "ut_xpathtest2", "unittests\ut_xpathtest2\ut_xpathtest2.vcproj", "{BBB21DC6-6072-47E7-927F-2F9459CA9631}"
	ProjectSection(ProjectDependencies) = postProject
		{1EB08BC4-5446-44B2-9739-ADA9E59770DE} = {1EB08BC4-5446-44B2-9739-ADA9E59770DE}
	EndProjectSection
EndProject
Project("{8BC9CEB8-8B4A-11D0-8D11-00A0C91BC942}") = "xflaim", "xflaim\xflaim.vcproj", "{41AA6907-E826-4E8F-A271-F3B2EB6158D2}"
EndProject
Project("{8BC9CEB8-8B4A-11D0-8D11-00A0C91BC942}") = "xflaim_static", "xflaim_static\xflaim_static.vcproj", "{1EB08BC4-5446-44B2-9739-ADA9E59770DE}"
EndProject
Project("{8BC9CEB8-8B4A-11D0-8D11-00A0C91BC942}") = "xflmcheckdb", "xflmcheckdb\xflmcheckdb.vcproj", "{4BCCC322-9F1A-417D-A8E6-02A6B24BBB8A}"
	ProjectSection(ProjectDependencies) = postProject
		{C723A651-0AC5-4597-99A9-3DCFB4E8FF6E} = {C723A651-0AC5-4597-99A9-3DCFB4E8FF6E}
		{1EB08BC4-5446-44B2-9739-ADA9E59770DE} = {1EB08BC4-5446-44B2-9739-ADA9E59770DE}
	EndProjectSection
EndProject
Project("{8BC9CEB8-8B4A-11D0-8D11-00A0C91BC942}") = "xflmdbshell", "xflmdbshell\xflmdbshell.vcproj", "{B9D515F1-E9AB-4B53-9C21-7C4E0A04BEF2}"
	ProjectSection(ProjectDependencies) = postProject
		{C723A651-0AC5-4597-99A9-3DCFB4E8FF6E} = {C723A651-0AC5-4597-99A9-3DCFB4E8FF6E}
		{1EB08BC4-5446-44B2-9739-ADA9E59770DE} = {1EB08BC4-5446-44B2-9739-ADA9E59770DE}
	EndProjectSection
EndProject
Project("{8BC9CEB8-8B4A-11D0-8D11-00A0C91BC942}") = "xflmrebuild", "xflmrebuild\xflmrebuild.vcproj", "{C8262368-09FB-4509-A509-86C290418E1C}"
	ProjectSection(ProjectDependencies) = postProject
		{C723A651-0AC5-4597-99A9-3DCFB4E8FF6E} = {C723A651-0AC5-4597-99A9-3DCFB4E8FF6E}
		{1EB08BC4-5446-44B2-9739-ADA9E59770DE} = {1EB08BC4-5446-44B2-9739-ADA9E59770DE}
	EndProjectSection
EndProject
Project("{8BC9CEB8-8B4A-11D0-8D11-00A0C91BC942}") = "xflmutil", "xflmutil\xflmutil.vcproj", "{C723A651-0AC5-4597-99A9-3DCFB4E8FF6E}"
EndProject
Project("{8BC9CEB8-8B4A-11D0-8D11-00A0C91BC942}") = "xflmview", "xflmview\xflmview.vcproj", "{30F5D2C7-46CC-4DAB-9ABF-C4F5F125A517}"
	ProjectSection(ProjectDependencies) = postProject
		{C723A651-0AC5-4597-99A9-3DCFB4E8FF6E} = {C723A651-0AC5-4597-99A9-3DCFB4E8FF6E}
		{1EB08BC4-5446-44B2-9739-ADA9E59770DE} = {1EB08BC4-5446-44B2-9739-ADA9E59770DE}
	EndProjectSection
EndProject
Global
	GlobalSection(SolutionConfigurationPlatforms) = preSolution
		Debug|Win32 = Debug|Win32
		Debug|x64 = Debug|x64
		Release|Win32 = Release|Win32
		Release|x64 = Release|x64
	EndGlobalSection
	GlobalSection(ProjectConfigurationPlatforms) = postSolution
		{C75FBA6D-D222-4636-ADA2-81375DE6BACC}.Debug|Win32.ActiveCfg = Debug|Win32
		{C75FBA6D-D222-4636-ADA2-81375DE6BACC}.Debug|Win32.Build.0 = Debug|Win32
		{C75FBA6D-D222-4636-ADA2-81375DE6BACC}.Debug|x64.ActiveCfg = Debug|x64
		{C75FBA6D-D222-4636-ADA2-81375DE6BACC}.Debug|x64.Build.0 = Debug|x64
		{C75FBA6D-D222-4636-ADA2-81375DE6BACC}.Release|Win32.ActiveCfg = Release|Win32
		{C75FBA6D-D222-4636-ADA2-81375DE6BACC}.Release|Win32.Build.0 = Release|Win32
		{C75FBA6D-D222-4636-ADA2-81375DE6BACC}.Release|x64.ActiveCfg = Release|x64
		{C75FBA6D-D222-4636-ADA2-81375DE6BACC}.Release|x64.Build.0 = Release|x64
		{C96797C8-FA10-40A0-BD1A-68DFDD34D2AC}.Debug|Win32.ActiveCfg = Debug|Win32
		{C96797C8-FA10-40A0-BD1A-68DFDD34D2AC}.Debug|Win32.Build.0 = Debug|Win32
		{C96797C8-FA10-40A0-BD1A-68DFDD34D2AC}.Debug|x64.ActiveCfg = Debug|x64
		{C96797C8-FA10-40A0-BD1A-68DFDD34D2AC}.Debug|x64.Build.0 = Debug|x64
		{C96797C8-FA10-40A0-BD1A-68DFDD34D2AC}.Release|Win32.ActiveCfg = Release|Win32
		{C96797C8-FA10-40A0-BD1A-68DFDD34D2AC}.Release|Win32.Build.0 = Release|Win32
		{C96797C8-FA10-40A0-BD1A-68DFDD34D2AC}.Release|x64.ActiveCfg = Release|x64
		{C96797C8-FA10-40A0-BD1A-68DFDD34D2AC}.Release|x64.Build.0 = Release|x64
		{36CAA969-DC19-4091-B32D-5ABB18904268}.Debug|Win32.ActiveCfg = Debug|Win32
		{36CAA969-DC19-4091-B32D-5ABB18904268}.Debug|Win32.Build.0 = Debug|Win32
		{36CAA969-DC19-4091-B32D-5ABB18904268}.Debug|x64.ActiveCfg = Debug|x64
		{36CAA969-DC19-4091-B32D-5ABB18904268}.Debug|x64.Build.0 = Debug|x64
		{36CAA969-DC19-4091-B32D-5ABB18904268}.Release|Win32.ActiveCfg = Release|Win32
		{36CAA969-DC19-4091-B32D-5ABB18904268}.Release|Win32.Build.0 = Release|Win32
		{36CAA969-DC19-4091-B32D-5ABB18904268}.Release|x64.ActiveCfg = Release|x64
		{36CAA969-DC19-4091-B32D-5ABB18904268}.Release|x64.Build.0 = Release|x64
		{5BD85BDF-EA97-46D7-94C8-503999DF45C0}.Debug|Win32.ActiveCfg = Debug|Win32
		{5BD85BDF-EA97-46D7-94C8-503999DF45C0}.Debug|Win32.Build.0 = Debug|Win32
		{5BD85BDF-EA97-46D7-94C8-503999DF45C0}.Debug|x64.ActiveCfg = Debug|x64
		{5BD85BDF-EA97-46D7-94C8-503999DF45C0}.Debug|x64.Build.0 = Debug|x64
		{5BD85BDF-EA97-46D7-94C8-503999DF45C0}.Release|Win32.ActiveCfg = Release|Win32
		{5BD85BDF-EA97-46D7-94C8-503999DF45C0}.Release|Win32.Build.0 = Release|Win32
		{5BD85BDF-EA97-46D7-94C8-503999DF45C0}.Release|x64.ActiveCfg = Release|x64
		{5BD85BDF-EA97-46D7-94C8-503999DF45C0}.Release|x64.Build.0 = Release|x64
		{1C5F4DFA-8E94-4020-BE3F-714563C2D6AE}.Debug|Win32.ActiveCfg = Debug|Win32
		{1C5F4DFA-8E94-4020-BE3F-714563C2D6AE}.Debug|Win32.Build.0 = Debug|Win32
		{1C5F4DFA-8E94-4020-BE3F-714563C2D6AE}.Debug|x64.ActiveCfg = Debug|x64
		{1C5F4DFA-8E94-4020-BE3F-714563C2D6AE}.Debug|x64.Build.0 = Debug|x64
		{1C5F4DFA-8E94-4020-BE3F-714563C2D6AE}.Release|Win32.ActiveCfg = Release|Win32
		{1C5F4DFA-8E94-4020-BE3F-714563C2D6AE}.Release|Win32.Build.0 = Release|Win32
		{1C5F4DFA-8E94-4020-BE3F-714563C2D6AE}.Release|x64.ActiveCfg = Release|x64
		{1C5F4DFA-8E94-4020-BE3F-714563C2D6AE}.Release|x64.Build.0 = Release|x64
		{98581B5F-0260-46EB-AF0D-AB3ACA6E6D63}.Debug|Win32.ActiveCfg = Debug|Win32
		{98581B5F-0260-46EB-AF0D-AB3ACA6E6D63}.Debug|Win32.Build.0 = Debug|Win32
		{98581B5F-0260-46EB-AF0D-AB3ACA6E6D63}.Debug|x64.ActiveCfg = Debug|x64
		{98581B5F-0260-46EB-AF0D-AB3ACA6E6D63}.Debug|x64.Build.0 = Debug|x64
		{98581B5F-0260-46EB-AF0D-AB3ACA6E6D63}.Release|Win32.ActiveCfg = Release|Win32
		{98581B5F-0260-46EB-AF0D-AB3ACA6E6D63}.Release|Win32.Build.0 = Release|Win32
		{98581B5F-0260-46EB-AF0D-AB3ACA6E6D63}.Release|x64.ActiveCfg = Release|x64
		{98581B5F-0260-46EB-AF0D-AB3ACA6E6D63}.Release|x64.Build.0 = Release|x64
		{F1523344-8D1A-4FFB-A158-09EA0BEA45A2}.Debug|Win32.ActiveCfg = Debug|Win32
		{F1523344-8D1A-4FFB-A158-09EA0BEA45A2}.Debug|Win32.Build.0 = Debug|Win32
		{F1523344-8D1A-4FFB-A158-09EA0BEA45A2}.Debug|x64.ActiveCfg = Debug|x64
		{F1523344-8D1A-4FFB-A158-09EA0BEA45A2}.Debug|x64.Build.0 = Debug|x64
		{F1523344-8D1A-4FFB-A158-09EA0BEA45A2}.Release|Win32.ActiveCfg = Release|Win32
		{F1523344-8D1A-4FFB-A158-09EA0BEA45A2}.Release|Win32.Build.0 = Release|Win32
		{F1523344-8D1A-4FFB-A158-09EA0BEA45A2}.Release|x64.ActiveCfg = Release|x64
		{F1523344-8D1A-4FFB-A158-09EA0BEA45A2}.Release|x64.Build.0 = Release|x64
		{178FBCCE-8EFD-4EC9-8FAB-825636B9C7A5}.Debug|Win32.ActiveCfg = Debug|Win32
		{178FBCCE-8EFD-4EC9-8FAB-825636B9C7A5}.Debug|Win32.Build.0 = Debug|Win32
		{178FBCCE-8EFD-4EC9-8FAB-825636B9C7A5}.Debug|x64.ActiveCfg = Debug|x64
		{178FBCCE-8EFD-4EC9-8FAB-825636B9C7A5}.Debug|x64.Build.0 = Debug|x64
		{178FBCCE-8EFD-4EC9-8FAB-825636B9C7A5}.Release|Win32.ActiveCfg = Release|Win32
		{178FBCCE-8EFD-4EC9-8FAB-825636B9C7A5}.Release|Win32.Build.0 = Release|Win32
		{178FBCCE-8EFD-4EC9-8FAB-825636B9C7A5}.Release|x64.ActiveCfg = Release|x64
		{178FBCCE-8EFD-4EC9-8FAB-825636B9C7A5}.Release|x64.Build.0 = Release|x64
		{20CCCBF0-6692-4FD9-BEAC-752362F21305}.Debug|Win32.ActiveCfg = Debug|Win32
		{20CCCBF0-6692-4FD9-BEAC-752362F21305}.Debug|Win32.Build.0 = Debug|Win32
		{20CCCBF0-6692-4FD9-BEAC-752362F21305}.Debug|x64.ActiveCfg = Debug|x64
		{20CCCBF0-6692-4FD9-BEAC-752362F21305}.Debug|x64.Build.0 = Debug|x64
		{20CCCBF0-6692-4FD9-BEAC-752362F21305}.Release|Win32.ActiveCfg = Release|Win32
		{20CCCBF0-6692-4FD9-BEAC-752362F21305}.Release|Win32.Build.0 = Release|Win32
		{20CCCBF0-6692-4FD9-BEAC-752362F21305}.Release|x64.ActiveCfg = Release|x64
		{20CCCBF0-6692-4FD9-BEAC-752362F21305}.Release|x64.Build.0 = Release|x64
		{A1C153E7-6578-4CE4-8CE4-022A38B15F44}.Debug|Win32.ActiveCfg = Debug|Win32
		{A1C153E7-6578-4CE4-8CE4-022A38B15F44}.Debug|Win32.Build.0 = Debug|Win32
		{A1C153E7-6578-4CE4-8CE4-022A38B15F44}.Debug|x64.ActiveCfg = Debug|x64
		{A1C153E7-6578-4CE4-8CE4-022A38B15F44}.Debug|x64.Build.0 = Debug|x64
		{A1C153E7-6578-4CE4-8CE4-022A38B15F44}.Release|Win32.ActiveCfg = Release|Win32
		{A1C153E7-6578-4CE4-8CE4-022A38B15F44}.Release|Win32.Build.0 = Release|Win32
		{A1C153E7-6578-4CE4-8CE4-022A38B15F44}.Release|x64.ActiveCfg = Release|x64
		{A1C153E7-6578-4CE4-8CE4-022A38B15F44}.Release|x64.Build.0 = Release|x64
		{31E01821-8113-4E0E-A924-DF94386B333F}.Debug|Win32.ActiveCfg = Debug|Win32
		{31E01821-8113-4E0E-A924-DF94386B333F}.Debug|Win32.Build.0 = Debug|Win32
		{31E01821-8113-4E0E-A924-DF94386B333F}.Debug|x64.ActiveCfg = Debug|x64
		{31E01821-8113-4E0E-A924-DF94386B333F}.Debug|x64.Build.0 = Debug|x64
		{31E01821-8113-4E0E-A924-DF94386B333F}.Release|Win32.ActiveCfg = Release|Win32
		{31E01821-8113-4E0E-A924-DF94386B333F}.Release|Win32.Build.0 = Release|Win32
		{31E01821-8113-4E0E-A924-DF94386B333F}.Release|x64.ActiveCfg = Release|x64
		{31E01821-8113-4E0E-A924-DF94386B333F}.Release|x64.Build.0 = Release|x64
		{125B9F4E-46E1-41C0-903F-FC827217DDE8}.Debug|Win32.ActiveCfg = Debug|Win32
		{125B9F4E-46E1-41C0-903F-FC827217DDE8}.Debug|Win32.Build.0 = Debug|Win32
		{125B9F4E-46E1-41C0-903F-FC827217DDE8}.Debug|x64.ActiveCfg = Debug|x64
		{125B9F4E-46E1-41C0-903F-FC827217DDE8}.Debug|x64.Build.0 = Debug|x64
		{125B9F4E-46E1-41C0-903F-FC827217DDE8}.Release|Win32.ActiveCfg = Release|Win32
		{125B9F4E-46E1-41C0-903F-FC827217DDE8}.Release|Win32.Build.0 = Release|Win32
		{125B9F4E-46E1-41C0-903F-FC827217DDE8}.Release|x64.ActiveCfg = Release|x64
		{125B9F4E-46E1-41C0-903F-FC827217DDE8}.Release|x64.Build.0 = Release|x64
		{FB49EECC-B8BF-4BA1-84B6-BF159DB9936A}.Debug|Win32.ActiveCfg = Debug|Win32
		{FB49EECC-B8BF-4BA1-84B6-BF159DB9936A}.Debug|Win32.Build.0 = Debug|Win32
		{FB49EECC-B8BF-4BA1-84B6-BF159DB9936A}.Debug|x64.ActiveCfg = Debug|x64
		{FB49EECC-B8BF-4BA1-84B6-BF159DB9936A}.Debug|x64.Build.0 = Debug|x64
		{FB49EECC-B8BF-4BA1-84B6-BF159DB9936A}.Release|Win32.ActiveCfg = Release|Win32
		{FB49EECC-B8BF-4BA1-84B6-BF159DB9936A}.Release|Win32.Build.0 = Release|Win32
		{FB49EECC-B8BF-4BA1-84B6-BF159DB9936A}.Release|x64.ActiveCfg = Release|x64
		{FB49EECC-B8BF-4BA1-84B6-BF159DB9936A}.Release|x64.Build.0 = Release|x64
		{E17F9130-8DC0-45FA-96F0-B449A2502172}.Debug|Win32.ActiveCfg = Debug|Win32
		{E17F9130-8DC0-45FA-96F0-B449A2502172}.Debug|Win32.Build.0 = Debug|Win32
		{E17F9130-8DC0-45FA-96F0-B449A2502172}.Debug|x64.ActiveCfg = Debug|x64
		{E17F9130-8DC0-45FA-96F0-B449A2502172}.Debug|x64.Build.0 = Debug|x64
		{E17F9130-8DC0-45FA-96F0-B449A2502172}.Release|Win32.ActiveCfg = Release|Win32
		{E17F9130-8DC0-45FA-96F0-B449A2502172}.Release|Win32.Build.0 = Release|Win32
		{E17F9130-8DC0-45FA-96F0-B449A2502172}.Release|x64.ActiveCfg = Release|x64
		{E17F9130-8DC0-45FA-96F0-B449A2502172}.Release|x64.Build.0 = Release|x64
		{5A46C250-7FAB-4286-9C3E-F160EDD12FE0}.Debug|Win32.ActiveCfg = Debug|Win32
		{5A46C250-7FAB-4286-9C3E-F160EDD12FE0}.Debug|Win32.Build.0 = Debug|Win32
		{5A46C250-7FAB-4286-9C3E-F160EDD12FE0}.Debug|x64.ActiveCfg = Debug|x64
		{5A46C250-7FAB-4286-9C3E-F160EDD12FE0}.Debug|x64.Build.0 = Debug|x64
		{5A46C250-7FAB-4286-9C3E-F160EDD12FE0}.Release|Win32.ActiveCfg = Release|Win32
		{5A46C250-7FAB-4286-9C3E-F160EDD12FE0}.Release|Win32.Build.0 = Release|Win32
		{5A46C250-7FAB-4286-9C3E-F160EDD12FE0}.Release|x64.ActiveCfg = Release|x64
		{5A46C250-7FAB-4286-9C3E-F160EDD12FE0}.Release|x64.Build.0 = Release|x64
		{42C7F8FC-C759-4C42-92A4-4EEB3A8ADCB4}.Debug|Win32.ActiveCfg = Debug|Win32
		{42C7F8FC-C759-4C42-92A4-4EEB3A8ADCB4}.Debug|Win32.Build.0 = Debug|Win32
		{42C7F8FC-C759-4C42-92A4-4EEB3A8ADCB4}.Debug|x64.ActiveCfg = Debug|x64
		{42C7F8FC-C759-4C42-92A4-4EEB3A8ADCB4}.Debug|x64.Build.0 = Debug|x64
		{42C7F8FC-C759-4C42-92A4-4EEB3A8ADCB4}.Release|Win32.ActiveCfg = Release|Win32
		{42C7F8FC-C759-4C42-92A4-4EEB3A8ADCB4}.Release|Win32.Build.0 = Release|Win32
		{42C7F8FC-C759-4C42-92A4-4EEB3A8ADCB4}.Release|x64.ActiveCfg = Release|x64
		{42C7F8FC-C759-4C42-92A4-4EEB3A8ADCB4}.Release|x64.Build.0 = Release|x64
		{94F1A016-C863-4528-8849-E7B7232C4903}.Debug|Win32.ActiveCfg = Debug|Win32
		{94F1A016-C863-4528-8849-E7B7232C4903}.Debug|Win32.Build.0 = Debug|Win32
		{94F1A016-C863-4528-8849-E7B7232C4903}.Debug|x64.ActiveCfg = Debug|x64
		{94F1A016-C863-4528-8849-E7B7232C4903}.Debug|x64.Build.0 = Debug|x64
		{94F1A016-C863-4528-8849-E7B7232C4903}.Release|Win32.ActiveCfg = Release|Win32
		{94F1A016-C863-4528-8849-E7B7232C4903}.Release|Win32.Build.0 = Release|Win32
		{94F1A016-C863-4528-8849-E7B7232C4903}.Release|x64.ActiveCfg = Release|x64
		{94F1A016-C863-4528-8849-E7B7232C4903}.Release|x64.Build.0 = Release|x64
		{8F376CB9-DAD7-44AB-AE76-D38DD0A7F901}.Debug|Win32.ActiveCfg = Debug|Win32
		{8F376CB9-DAD7-44AB-AE76-D38DD0A7F901}.Debug|Win32.Build.0 = Debug|Win32
		{8F376CB9-DAD7-44AB-AE76-D38DD0A7F901}.Debug|x64.ActiveCfg = Debug|x64
		{8F376CB9-DAD7-44AB-AE76-D38DD0A7F901}.Debug|x64.Build.0 = Debug|x64
		{8F376CB9-DAD7-44AB-AE76-D38DD0A7F901}.Release|Win32.ActiveCfg = Release|Win32
		{8F376CB9-DAD7-44AB-AE76-D38DD0A7F901}.Release|Win32.Build.0 = Release|Win32
		{8F376CB9-DAD7-44AB-AE76-D38DD0A7F901}.Release|x64.ActiveCfg = Release|x64
		{8F376CB9-DAD7-44AB-AE76-D38DD0A7F901}.Release|x64.Build.0 = Release|x64
		{4B85B201-11A8-4D24-8DF5-8DD3843F08AA}.Debug|Win32.ActiveCfg = Debug|Win32
		{4B85B201-11A8-4D24-8DF5-8DD3843F08AA}.Debug|Win32.Build.0 = Debug|Win32
		{4B85B201-11A8-4D24-8DF5-8DD3843F08AA}.Debug|x64.ActiveCfg = Debug|x64
		{4B85B201-11A8-4D24-8DF5-8DD3843F08AA}.Debug|x64.Build.0 = Debug|x64
		{4B85B201-11A8-4D24-8DF5-8DD3843F08AA}.Release|Win32.ActiveCfg = Release|Win32
		{4B85B201-11A8-4D24-8DF5-8DD3843F08AA}.Release|Win32.Build.0 = Release|Win32
		{4B85B201-11A8-4D24-8DF5-8DD3843F08AA}.Release|x64.ActiveCfg = Release|x64
		{4B85B201-11A8-4D24-8DF5-8DD3843F08AA}.Release|x64.Build.0 = Release|x64
		{3A356940-4028-465E-8B85-F4BFE92B6EAD}.Debug|Win32.ActiveCfg = Debug|Win32
		{3A356940-4028-465E-8B85-F4BFE92B6EAD}.Debug|Win32.Build.0 = Debug|Win32
		{3A356940-4028-465E-8B85-F4BFE92B6EAD}.Debug|x64.ActiveCfg = Debug|x64
		{3A356940-4028-465E-8B85-F4BFE92B6EAD}.Debug|x64.Build.0 = Debug|x64
		{3A356940-4028-465E-8B85-F4BFE92B6EAD}.Release|Win32.ActiveCfg = Release|Win32
		{3A356940-4028-465E-8B85-F4BFE92B6EAD}.Release|Win32.Build.0 = Release|Win32
		{3A356940-4028-465E-8B85-F4BFE92B6EAD}.Release|x64.ActiveCfg = Release|x64
		{3A356940-4028-465E-8B85-F4BFE92B6EAD}.Release|x64.Build.0 = Release|x64
		{32B5E15D-278D-4AA5-B38E-7B27232ADA9A}.Debug|Win32.ActiveCfg = Debug|Win32
		{32B5E15D-278D-4AA5-B38E-7B27232ADA9A}.Debug|Win32.Build.0 = Debug|Win32
		{32B5E15D-278D-4AA5-B38E-7B27232ADA9A}.Debug|x64.ActiveCfg = Debug|x64
		{32B5E15D-278D-4AA5-B38E-7B27232ADA9A}.Debug|x64.Build.0 = Debug|x64
		{32B5E15D-278D-4AA5-B38E-7B27232ADA9A}.Release|Win32.ActiveCfg = Release|Win32
		{32B5E15D-278D-4AA5-B38E-7B27232ADA9A}.Release|Win32.Build.0 = Release|Win32
		{32B5E15D-278D-4AA5-B38E-7B27232ADA9A}.Release|x64.ActiveCfg = Release|x64
		{32B5E15D-278D-4AA5-B38E-7B27232ADA9A}.Release|x64.Build.0 = Release|x64
		{BBB21DC6-6072-47E7-927F-2F9459CA9631}.Debug|Win32.ActiveCfg = Debug|Win32
		{BBB21DC6-6072-47E7-927F-2F9459CA9631}.Debug|Win32.Build.0 = Debug|Win32
		{BBB21DC6-6072-47E7-927F-2F9459CA9631}.Debug|x64.ActiveCfg = Debug|x64
		{BBB21DC6-6072-47E7-927F-2F9459CA9631}.Debug|x64.Build.0 = Debug|x64
		{BBB21DC6-6072-47E7-927F-2F9459CA9631}.Release|Win32.ActiveCfg = Release|Win32
		{BBB21DC6-6072-47E7-927F-2F9459CA9631}.Release|Win32.Build.0 = Release|Win32
		{BBB21DC6-6072-47E7-927F-2F9459CA9631}.Release|x64.ActiveCfg = Release|x64
		{BBB21DC6-6072-47E7-927F-2F9459CA9631}.Release|x64.Build.0 = Release|x64
		{41AA6907-E826-4E8F-A271-F3B2EB6158D2}.Debug|Win32.ActiveCfg = Debug|Win32
		{41AA6907-E826-4E8F-A271-F3B2EB6158D2}.Debug|Win32.Build.0 = Debug|Win32
		{41AA6907-E826-4E8F-A271-F3B2EB6158D2}.Debug|x64.ActiveCfg = Debug|x64
		{41AA6907-E826-4E8F-A271-F3B2EB6158D2}.Debug|x64.Build.0 = Debug|x64
		{41AA6907-E826-4E8F-A271-F3B2EB6158D2}.Release|Win32.ActiveCfg = Release|Win32
		{41AA6907-E826-4E8F-A271-F3B2EB6158D2}.Release|Win32.Build.0 = Release|Win32
		{41AA6907-E826-4E8F-A271-F3B2EB6158D2}.Release|x64.ActiveCfg = Release|x64
		{41AA6907-E826-4E8F-A271-F3B2EB6158D2}.Release|x64.Build.0 = Release|x64
		{1EB08BC4-5446-44B2-9739-ADA9E59770DE}.Debug|Win32.ActiveCfg = Debug|Win32
		{1EB08BC4-5446-44B2-9739-ADA9E59770DE}.Debug|Win32.Build.0 = Debug|Win32
		{1EB08BC4-5446-44B2-9739-ADA9E59770DE}.Debug|x64.ActiveCfg = Debug|x64
		{1EB08BC4-5446-44B2-9739-ADA9E59770DE}.Debug|x64.Build.0 = Debug|x64
		{1EB08BC4-5446-44B2-9739-ADA9E59770DE}.Release|Win32.ActiveCfg = Release|Win32
		{1EB08BC4-5446-44B2-9739-ADA9E59770DE}.Release|Win32.Build.0 = Release|Win32
		{1EB08BC4-5446-44B2-9739-ADA9E59770DE}.Release|x64.ActiveCfg = Release|x64
		{1EB08BC4-5446-44B2-9739-ADA9E59770DE}.Release|x64.Build.0 = Release|x64
		{4BCCC322-9F1A-417D-A8E6-02A6B24BBB8A}.Debug|Win32.ActiveCfg = Debug|Win32
		{4BCCC322-9F1A-417D-A8E6-02A6B24BBB8A}.Debug|Win32.Build.0 = Debug|Win32
		{4BCCC322-9F1A-417D-A8E6-02A6B24BBB8A}.Debug|x64.ActiveCfg = Debug|x64
		{4BCCC322-9F1A-417D-A8E6-02A6B24BBB8A}.Debug|x64.Build.0 = Debug|x64
		{4BCCC322-9F1A-417D-A8E6-02A6B24BBB8A}.Release|Win32.ActiveCfg = Release|Win32
		{4BCCC322-9F1A-417D-A8E6-02A6B24BBB8A}.Release|Win32.Build.0 = Release|Win32
		{4BCCC322-9F1A-417D-A8E6-02A6B24BBB8A}.Release|x64.ActiveCfg = Release|x64
		{4BCCC322-9F1A-417D-A8E6-02A6B24BBB8A}.Release|x64.Build.0 = Release|x64
		{B9D515F1-E9AB-4B53-9C21-7C4E0A04BEF2}.Debug|Win32.ActiveCfg = Debug|Win32
		{B9D515F1-E9AB-4B53-9C21-7C4E0A04BEF2}.Debug|Win32.Build.0 = Debug|Win32
		{B9D515F1-E9AB-4B53-9C21-7C4E0A04BEF2}.Debug|x64.ActiveCfg = Debug|x64
		{B9D515F1-E9AB-4B53-9C21-7C4E0A04BEF2}.Debug|x64.Build.0 = Debug|x64
		{B9D515F1-E9AB-4B53-9C21-7C4E0A04BEF2}.Release|Win32.ActiveCfg = Release|Win32
		{B9D515F1-E9AB-4B53-9C21-7C4E0A04BEF2}.Release|Win32.Build.0 = Release|Win32
		{B9D515F1-E9AB-4B53-9C21-7C4E0A04BEF2}.Release|x64.ActiveCfg = Release|x64
		{B9D515F1-E9AB-4B53-9C21-7C4E0A04BEF2}.Release|x64.Build.0 = Release|x64
		{C8262368-09FB-4509-A509-86C290418E1C}.Debug|Win32.ActiveCfg = Debug|Win32
		{C8262368-09FB-4509-A509-86C290418E1C}.Debug|Win32.Build.0 = Debug|Win32
		{C8262368-09FB-4509-A509-86C290418E1C}.Debug|x64.ActiveCfg = Debug|x64
		{C8262368-09FB-4509-A509-86C290418E1C}.Debug|x64.Build.0 = Debug|x64
		{C8262368-09FB-4509-A509-86C290418E1C}.Release|Win32.ActiveCfg = Release|Win32
		{C8262368-09FB-4509-A509-86C290418E1C}.Release|Win32.Build.0 = Release|Win32
		{C8262368-09FB-4509-A509-86C290418E1C}.Release|x64.ActiveCfg = Release|x64
		{C8262368-09FB-4509-A509-86C290418E1C}.Release|x64.Build.0 = Release|x64
		{C723A651-0AC5-4597-99A9-3DCFB4E8FF6E}.Debug|Win32.ActiveCfg = Debug|Win32
		{C723A651-0AC5-4597-99A9-3DCFB4E8FF6E}.Debug|Win32.Build.0 = Debug|Win32
		{C723A651-0AC5-4597-99A9-3DCFB4E8FF6E}.Debug|x64.ActiveCfg = Debug|x64
		{C723A651-0AC5-4597-99A9-3DCFB4E8FF6E}.Debug|x64.Build.0 = Debug|x64
		{C723A651-0AC5-4597-99A9-3DCFB4E8FF6E}.Release|Win32.ActiveCfg = Release|Win32
		{C723A651-0AC5-4597-99A9-3DCFB4E8FF6E}.Release|Win32.Build.0 = Release|Win32
		{C723A651-0AC5-4597-99A9-3DCFB4E8FF6E}.Release|x64.ActiveCfg = Release|x64
		{C723A651-0AC5-4597-99A9-3DCFB4E8FF6E}.Release|x64.Build.0 = Release|x64
		{30F5D2C7-46CC-4DAB-9ABF-C4F5F125A517}.Debug|Win32.ActiveCfg = Debug|Win32
		{30F5D2C7-46CC-4DAB-9ABF-C4F5F125A517}.Debug|Win32.Build.0 = Debug|Win32
		{30F5D2C7-46CC-4DAB-9ABF-C4F5F125A517}.Debug|x64.ActiveCfg = Debug|x64
		{30F5D2C7-46CC-4DAB-9ABF-C4F5F125A517}.Debug|x64.Build.0 = Debug|x64
		{30F5D2C7-46CC-4DAB-9ABF-C4F5F125A517}.Release|Win32.ActiveCfg = Release|Win32
		{30F5D2C7-46CC-4DAB-9ABF-C4F5F125A517}.Release|Win32.Build.0 = Release|Win32
		{30F5D2C7-46CC-4DAB-9ABF-C4F5F125A517}.Release|x64.ActiveCfg = Release|x64
		{30F5D2C7-46CC-4DAB-9ABF-C4F5F125A517}.Release|x64.Build.0 = Release|x64
	EndGlobalSection
	GlobalSection(SolutionProperties) = preSolution
		HideSolutionNode = FALSE
	EndGlobalSection
	GlobalSection(NestedProjects) = preSolution
		{C75FBA6D-D222-4636-ADA2-81375DE6BACC} = {30910214-D56A-4506-8889-F96DBE582525}
		{C96797C8-FA10-40A0-BD1A-68DFDD34D2AC} = {30910214-D56A-4506-8889-F96DBE582525}
		{36CAA969-DC19-4091-B32D-5ABB18904268} = {30910214-D56A-4506-8889-F96DBE582525}
		{5BD85BDF-EA97-46D7-94C8-503999DF45C0} = {30910214-D56A-4506-8889-F96DBE582525}
		{1C5F4DFA-8E94-4020-BE3F-714563C2D6AE} = {30910214-D56A-4506-8889-F96DBE582525}
		{98581B5F-0260-46EB-AF0D-AB3ACA6E6D63} = {30910214-D56A-4506-8889-F96DBE582525}
		{F1523344-8D1A-4FFB-A158-09EA0BEA45A2} = {30910214-D56A-4506-8889-F96DBE582525}
		{178FBCCE-8EFD-4EC9-8FAB-825636B9C7A5} = {30910214-D56A-4506-8889-F96DBE582525}
		{20CCCBF0-6692-4FD9-BEAC-752362F21305} = {30910214-D56A-4506-8889-F96DBE582525}
		{A1C153E7-6578-4CE4-8CE4-022A38B15F44} = {30910214-D56A-4506-8889-F96DBE582525}
		{31E01821-8113-4E0E-A924-DF94386B333F} = {30910214-D56A-4506-8889-F96DBE582525}
		{125B9F4E-46E1-41C0-903F-FC827217DDE8} = {30910214-D56A-4506-8889-F96DBE582525}
		{FB49EECC-B8BF-4BA1-84B6-BF159DB9936A} = {30910214-D56A-4506-8889-F96DBE582525}
		{E17F9130-8DC0-45FA-96F0-B449A2502172} = {30910214-D56A-4506-8889-F96DBE582525}
		{5A46C250-7FAB-4286-9C3E-F160EDD12FE0} = {30910214-D56A-4506-8889-F96DBE582525}
		{42C7F8FC-C759-4C42-92A4-4EEB3A8ADCB4} = {30910214-D56A-4506-8889-F96DBE582525}
		{94F1A016-C863-4528-8849-E7B7232C4903} = {30910214-D56A-4506-8889-F96DBE582525}
		{8F376CB9-DAD7-44AB-AE76-D38DD0A7F901} = {30910214-D56A-4506-8889-F96DBE582525}
		{4B85B201-11A8-4D24-8DF5-8DD3843F08AA} = {30910214-D56A-4506-8889-F96DBE582525}
		{3A356940-4028-465E-8B85-F4BFE92B6EAD} = {30910214-D56A-4506-8889-F96DBE582525}
		{32B5E15D-278D-4AA5-B38E-7B27232ADA9A} = {30910214-D56A-4506-8889-F96DBE582525}
		{BBB21DC6-6072-47E7-927F-2F9459CA9631} = {30910214-D56A-4506-8889-F96DBE582525}
	EndGlobalSection
EndGlobal
