
Microsoft Visual Studio Solution File, Format Version 9.00
# Visual Studio 2005
Project("{8BC9CEB8-8B4A-11D0-8D11-00A0C91BC942}") = "flaim", "flaim\flaim.vcproj", "{D16B82B1-8831-49D8-BE86-835183329342}"
EndProject
Project("{8BC9CEB8-8B4A-11D0-8D11-00A0C91BC942}") = "flaim_static", "flaim_static\flaim_static.vcproj", "{05142CA1-9F15-4E61-AAF0-FB61AD0C6F18}"
EndProject
Project("{8BC9CEB8-8B4A-11D0-8D11-00A0C91BC942}") = "flmutil", "flmutil\flmutil.vcproj", "{18646AAF-FA19-48A8-9B6B-0616BE978E82}"
EndProject
Project("{8BC9CEB8-8B4A-11D0-8D11-00A0C91BC942}") = "flmcheckdb", "flmcheckdb\flmcheckdb.vcproj", "{26DA168D-B65F-49F8-8CEE-78C60B4F83F2}"
	ProjectSection(ProjectDependencies) = postProject
		{05142CA1-9F15-4E61-AAF0-FB61AD0C6F18} = {05142CA1-9F15-4E61-AAF0-FB61AD0C6F18}
		{18646AAF-FA19-48A8-9B6B-0616BE978E82} = {18646AAF-FA19-48A8-9B6B-0616BE978E82}
	EndProjectSection
EndProject
Project("{8BC9CEB8-8B4A-11D0-8D11-00A0C91BC942}") = "flmdbshell", "flmdbshell\flmdbshell.vcproj", "{03084602-FD0D-4D62-B14A-8F953BC482C8}"
	ProjectSection(ProjectDependencies) = postProject
		{18646AAF-FA19-48A8-9B6B-0616BE978E82} = {18646AAF-FA19-48A8-9B6B-0616BE978E82}
		{05142CA1-9F15-4E61-AAF0-FB61AD0C6F18} = {05142CA1-9F15-4E61-AAF0-FB61AD0C6F18}
	EndProjectSection
EndProject
Project("{8BC9CEB8-8B4A-11D0-8D11-00A0C91BC942}") = "flmgigatest", "flmgigatest\flmgigatest.vcproj", "{AC1AF53C-9919-40F0-BDA6-B1B58992C1C1}"
	ProjectSection(ProjectDependencies) = postProject
		{05142CA1-9F15-4E61-AAF0-FB61AD0C6F18} = {05142CA1-9F15-4E61-AAF0-FB61AD0C6F18}
		{18646AAF-FA19-48A8-9B6B-0616BE978E82} = {18646AAF-FA19-48A8-9B6B-0616BE978E82}
	EndProjectSection
EndProject
Project("{8BC9CEB8-8B4A-11D0-8D11-00A0C91BC942}") = "flmrebuild", "flmrebuild\flmrebuild.vcproj", "{AF6DCFBD-2174-46A6-A0E1-6461A8A8E142}"
	ProjectSection(ProjectDependencies) = postProject
		{18646AAF-FA19-48A8-9B6B-0616BE978E82} = {18646AAF-FA19-48A8-9B6B-0616BE978E82}
		{05142CA1-9F15-4E61-AAF0-FB61AD0C6F18} = {05142CA1-9F15-4E61-AAF0-FB61AD0C6F18}
	EndProjectSection
EndProject
Project("{8BC9CEB8-8B4A-11D0-8D11-00A0C91BC942}") = "flmview", "flmview\flmview.vcproj", "{0DF942BC-9CCE-4968-8994-65529F4F7757}"
	ProjectSection(ProjectDependencies) = postProject
		{05142CA1-9F15-4E61-AAF0-FB61AD0C6F18} = {05142CA1-9F15-4E61-AAF0-FB61AD0C6F18}
		{18646AAF-FA19-48A8-9B6B-0616BE978E82} = {18646AAF-FA19-48A8-9B6B-0616BE978E82}
	EndProjectSection
EndProject
Project("{8BC9CEB8-8B4A-11D0-8D11-00A0C91BC942}") = "ut_basictest", "ut_basictest\ut_basictest.vcproj", "{AA9612F0-9B26-4BFB-9811-105916BCEFD2}"
	ProjectSection(ProjectDependencies) = postProject
		{05142CA1-9F15-4E61-AAF0-FB61AD0C6F18} = {05142CA1-9F15-4E61-AAF0-FB61AD0C6F18}
	EndProjectSection
EndProject
Global
	GlobalSection(SolutionConfigurationPlatforms) = preSolution
		Debug|Win32 = Debug|Win32
		Debug|x64 = Debug|x64
		Release|Win32 = Release|Win32
		Release|x64 = Release|x64
	EndGlobalSection
	GlobalSection(ProjectConfigurationPlatforms) = postSolution
		{D16B82B1-8831-49D8-BE86-835183329342}.Debug|Win32.ActiveCfg = Debug|Win32
		{D16B82B1-8831-49D8-BE86-835183329342}.Debug|Win32.Build.0 = Debug|Win32
		{D16B82B1-8831-49D8-BE86-835183329342}.Debug|x64.ActiveCfg = Debug|x64
		{D16B82B1-8831-49D8-BE86-835183329342}.Debug|x64.Build.0 = Debug|x64
		{D16B82B1-8831-49D8-BE86-835183329342}.Release|Win32.ActiveCfg = Release|Win32
		{D16B82B1-8831-49D8-BE86-835183329342}.Release|Win32.Build.0 = Release|Win32
		{D16B82B1-8831-49D8-BE86-835183329342}.Release|x64.ActiveCfg = Release|x64
		{D16B82B1-8831-49D8-BE86-835183329342}.Release|x64.Build.0 = Release|x64
		{05142CA1-9F15-4E61-AAF0-FB61AD0C6F18}.Debug|Win32.ActiveCfg = Debug|Win32
		{05142CA1-9F15-4E61-AAF0-FB61AD0C6F18}.Debug|Win32.Build.0 = Debug|Win32
		{05142CA1-9F15-4E61-AAF0-FB61AD0C6F18}.Debug|x64.ActiveCfg = Debug|x64
		{05142CA1-9F15-4E61-AAF0-FB61AD0C6F18}.Debug|x64.Build.0 = Debug|x64
		{05142CA1-9F15-4E61-AAF0-FB61AD0C6F18}.Release|Win32.ActiveCfg = Release|Win32
		{05142CA1-9F15-4E61-AAF0-FB61AD0C6F18}.Release|Win32.Build.0 = Release|Win32
		{05142CA1-9F15-4E61-AAF0-FB61AD0C6F18}.Release|x64.ActiveCfg = Release|x64
		{05142CA1-9F15-4E61-AAF0-FB61AD0C6F18}.Release|x64.Build.0 = Release|x64
		{18646AAF-FA19-48A8-9B6B-0616BE978E82}.Debug|Win32.ActiveCfg = Debug|Win32
		{18646AAF-FA19-48A8-9B6B-0616BE978E82}.Debug|Win32.Build.0 = Debug|Win32
		{18646AAF-FA19-48A8-9B6B-0616BE978E82}.Debug|x64.ActiveCfg = Debug|x64
		{18646AAF-FA19-48A8-9B6B-0616BE978E82}.Debug|x64.Build.0 = Debug|x64
		{18646AAF-FA19-48A8-9B6B-0616BE978E82}.Release|Win32.ActiveCfg = Release|Win32
		{18646AAF-FA19-48A8-9B6B-0616BE978E82}.Release|Win32.Build.0 = Release|Win32
		{18646AAF-FA19-48A8-9B6B-0616BE978E82}.Release|x64.ActiveCfg = Release|x64
		{18646AAF-FA19-48A8-9B6B-0616BE978E82}.Release|x64.Build.0 = Release|x64
		{26DA168D-B65F-49F8-8CEE-78C60B4F83F2}.Debug|Win32.ActiveCfg = Debug|Win32
		{26DA168D-B65F-49F8-8CEE-78C60B4F83F2}.Debug|Win32.Build.0 = Debug|Win32
		{26DA168D-B65F-49F8-8CEE-78C60B4F83F2}.Debug|x64.ActiveCfg = Debug|x64
		{26DA168D-B65F-49F8-8CEE-78C60B4F83F2}.Debug|x64.Build.0 = Debug|x64
		{26DA168D-B65F-49F8-8CEE-78C60B4F83F2}.Release|Win32.ActiveCfg = Release|Win32
		{26DA168D-B65F-49F8-8CEE-78C60B4F83F2}.Release|Win32.Build.0 = Release|Win32
		{26DA168D-B65F-49F8-8CEE-78C60B4F83F2}.Release|x64.ActiveCfg = Release|x64
		{26DA168D-B65F-49F8-8CEE-78C60B4F83F2}.Release|x64.Build.0 = Release|x64
		{03084602-FD0D-4D62-B14A-8F953BC482C8}.Debug|Win32.ActiveCfg = Debug|Win32
		{03084602-FD0D-4D62-B14A-8F953BC482C8}.Debug|Win32.Build.0 = Debug|Win32
		{03084602-FD0D-4D62-B14A-8F953BC482C8}.Debug|x64.ActiveCfg = Debug|x64
		{03084602-FD0D-4D62-B14A-8F953BC482C8}.Debug|x64.Build.0 = Debug|x64
		{03084602-FD0D-4D62-B14A-8F953BC482C8}.Release|Win32.ActiveCfg = Release|Win32
		{03084602-FD0D-4D62-B14A-8F953BC482C8}.Release|Win32.Build.0 = Release|Win32
		{03084602-FD0D-4D62-B14A-8F953BC482C8}.Release|x64.ActiveCfg = Release|x64
		{03084602-FD0D-4D62-B14A-8F953BC482C8}.Release|x64.Build.0 = Release|x64
		{AC1AF53C-9919-40F0-BDA6-B1B58992C1C1}.Debug|Win32.ActiveCfg = Debug|Win32
		{AC1AF53C-9919-40F0-BDA6-B1B58992C1C1}.Debug|Win32.Build.0 = Debug|Win32
		{AC1AF53C-9919-40F0-BDA6-B1B58992C1C1}.Debug|x64.ActiveCfg = Debug|x64
		{AC1AF53C-9919-40F0-BDA6-B1B58992C1C1}.Debug|x64.Build.0 = Debug|x64
		{AC1AF53C-9919-40F0-BDA6-B1B58992C1C1}.Release|Win32.ActiveCfg = Release|Win32
		{AC1AF53C-9919-40F0-BDA6-B1B58992C1C1}.Release|Win32.Build.0 = Release|Win32
		{AC1AF53C-9919-40F0-BDA6-B1B58992C1C1}.Release|x64.ActiveCfg = Release|x64
		{AC1AF53C-9919-40F0-BDA6-B1B58992C1C1}.Release|x64.Build.0 = Release|x64
		{AF6DCFBD-2174-46A6-A0E1-6461A8A8E142}.Debug|Win32.ActiveCfg = Debug|Win32
		{AF6DCFBD-2174-46A6-A0E1-6461A8A8E142}.Debug|Win32.Build.0 = Debug|Win32
		{AF6DCFBD-2174-46A6-A0E1-6461A8A8E142}.Debug|x64.ActiveCfg = Debug|x64
		{AF6DCFBD-2174-46A6-A0E1-6461A8A8E142}.Debug|x64.Build.0 = Debug|x64
		{AF6DCFBD-2174-46A6-A0E1-6461A8A8E142}.Release|Win32.ActiveCfg = Release|Win32
		{AF6DCFBD-2174-46A6-A0E1-6461A8A8E142}.Release|Win32.Build.0 = Release|Win32
		{AF6DCFBD-2174-46A6-A0E1-6461A8A8E142}.Release|x64.ActiveCfg = Release|x64
		{AF6DCFBD-2174-46A6-A0E1-6461A8A8E142}.Release|x64.Build.0 = Release|x64
		{0DF942BC-9CCE-4968-8994-65529F4F7757}.Debug|Win32.ActiveCfg = Debug|Win32
		{0DF942BC-9CCE-4968-8994-65529F4F7757}.Debug|Win32.Build.0 = Debug|Win32
		{0DF942BC-9CCE-4968-8994-65529F4F7757}.Debug|x64.ActiveCfg = Debug|x64
		{0DF942BC-9CCE-4968-8994-65529F4F7757}.Debug|x64.Build.0 = Debug|x64
		{0DF942BC-9CCE-4968-8994-65529F4F7757}.Release|Win32.ActiveCfg = Release|Win32
		{0DF942BC-9CCE-4968-8994-65529F4F7757}.Release|Win32.Build.0 = Release|Win32
		{0DF942BC-9CCE-4968-8994-65529F4F7757}.Release|x64.ActiveCfg = Release|x64
		{0DF942BC-9CCE-4968-8994-65529F4F7757}.Release|x64.Build.0 = Release|x64
		{AA9612F0-9B26-4BFB-9811-105916BCEFD2}.Debug|Win32.ActiveCfg = Debug|Win32
		{AA9612F0-9B26-4BFB-9811-105916BCEFD2}.Debug|Win32.Build.0 = Debug|Win32
		{AA9612F0-9B26-4BFB-9811-105916BCEFD2}.Debug|x64.ActiveCfg = Debug|x64
		{AA9612F0-9B26-4BFB-9811-105916BCEFD2}.Debug|x64.Build.0 = Debug|x64
		{AA9612F0-9B26-4BFB-9811-105916BCEFD2}.Release|Win32.ActiveCfg = Release|Win32
		{AA9612F0-9B26-4BFB-9811-105916BCEFD2}.Release|Win32.Build.0 = Release|Win32
		{AA9612F0-9B26-4BFB-9811-105916BCEFD2}.Release|x64.ActiveCfg = Release|x64
		{AA9612F0-9B26-4BFB-9811-105916BCEFD2}.Release|x64.Build.0 = Release|x64
	EndGlobalSection
	GlobalSection(SolutionProperties) = preSolution
		HideSolutionNode = FALSE
	EndGlobalSection
EndGlobal
